%{
  "backoff": {:hex, :backoff, "1.1.6", "83b72ed2108ba1ee8f7d1c22e0b4a00cfe3593a67dbc792799e8cce9f42f796b", [:rebar3], [], "hexpm", "cf0cfff8995fb20562f822e5cc47d8ccf664c5ecdc26a684cbe85c225f9d7c39"},
  "certifi": {:hex, :certifi, "2.8.0", "d4fb0a6bb20b7c9c3643e22507e42f356ac090a1dcea9ab99e27e0376d695eba", [:rebar3], [], "hexpm", "6ac7efc1c6f8600b08d625292d4bbf584e14847ce1b6b5c44d983d273e1097ea"},
  "cowlib": {:hex, :cowlib, "2.6.0", "8aa629f81a0fc189f261dc98a42243fa842625feea3c7ec56c48f4ccdb55490f", [:rebar3], [], "hexpm", "45a1a08e05e4c66f2af665295955e337d52c2d33b1f1cf24d353cadeddf34992"},
  "eredis": {:hex, :eredis, "1.4.0", "7d9fdab23cd1a8f119529ffa9dbc027299f41fbc5e48eba2578ef0f29e95336b", [:mix, :rebar3], [], "hexpm", "583c7d8d79a5f658110c4740924c5b9f12d67a1b3c1be6c351cfcb13b1825c50"},
  "gun": {:hex, :gun, "1.3.1", "1489fd96018431b89f401041a9ce0b02b45265247f0fdcf71273bf087c64ea4f", [:rebar3], [{:cowlib, "~> 2.6.0", [hex: :cowlib, repo: "hexpm", optional: false]}], "hexpm", "f4d25a6946e34fe5d4d698db32b0f2a9bbb1e9fd75d23a0ffadbad373c48451f"},
  "jsx": {:hex, :jsx, "3.1.0", "d12516baa0bb23a59bb35dccaf02a1bd08243fcbb9efe24f2d9d056ccff71268", [:rebar3], [], "hexpm", "0c5cc8fdc11b53cc25cf65ac6705ad39e54ecc56d1c22e4adb8f5a53fb9427f3"},
  "ldclient": {:hex, :launchdarkly_server_sdk, "1.3.2", "8d987cd270423ee6d023e6781467427c04e106960eb216cedefb8c6df0566ade", [:rebar3], [{:backoff, "1.1.6", [hex: :backoff, repo: "hexpm", optional: false]}, {:certifi, "2.8.0", [hex: :certifi, repo: "hexpm", optional: false]}, {:eredis, "1.4.0", [hex: :eredis, repo: "hexpm", optional: false]}, {:jsx, "3.1.0", [hex: :jsx, repo: "hexpm", optional: false]}, {:lru, "1.3.1", [hex: :lru, repo: "hexpm", optional: false]}, {:shotgun, "0.5.0", [hex: :shotgun, repo: "hexpm", optional: false]}, {:uuid, "~>2.0.2", [hex: :uuid_erl, repo: "hexpm", optional: false]}, {:verl, "1.0.1", [hex: :verl, repo: "hexpm", optional: false]}, {:yamerl, "0.8.1", [hex: :yamerl, repo: "hexpm", optional: false]}], "hexpm", "5da7b17237d05997870db56bb788493f80289b06e4a3712ade1509f84dba796a"},
  "lru": {:hex, :lru, "1.3.1", "5e1408df9effef6e719fa66ddcaecb3c816a5c167c6e95438fe5a24b9251f380", [:rebar3], [], "hexpm", "cd6ac15c383d58cd2933df9cb918617b24b12b6e5fb24d94c4c8f200fd93f619"},
  "quickrand": {:hex, :quickrand, "2.0.4", "168ca3a8466a26912b8c3a1d6aa58975e1bb49e5c7afb4998b80f6b90f910490", [:rebar3], [], "hexpm", "4cb18e9304cf28e054e8dc6e151d1ac7f174e6fe31d5c1a07f71279b92a90800"},
  "shotgun": {:hex, :shotgun, "0.5.0", "f780cc0d7bbebb7b6067c519245d4db62321f35bd05029080fc8499c1680f10c", [:rebar], [{:gun, "1.3.1", [hex: :gun, repo: "hexpm", optional: false]}], "hexpm", "f7a03c23589c04ff2692ff8f5a1a6db8da22153db15a97a9fe1223dbffaf2213"},
  "uuid": {:hex, :uuid_erl, "2.0.4", "77c3e3ee1e1701a2856ce945846d7ceb71931c60633a305d0b0feae03b2b3b5c", [:rebar3], [{:quickrand, ">= 2.0.4", [hex: :quickrand, repo: "hexpm", optional: false]}], "hexpm", "7a4ccd1c151d9b88b4383fa802bccf9bcb3754b7f53d7caa164d51a14a6652e4"},
  "verl": {:hex, :verl, "1.0.1", "1c29fa29ce071820318d04f42850d23b6e0c8b1d6ca513b1b66312240d0690e1", [:rebar3], [], "hexpm", "f1939291d6b04ed7c20b4cf83cb0ebfc9141f692bb6fb51970429dfd145fec9d"},
  "yamerl": {:hex, :yamerl, "0.8.1", "07da13ffa1d8e13948943789665c62ccd679dfa7b324a4a2ed3149df17f453a4", [:rebar3], [], "hexpm", "96cb30f9d64344fed0ef8a92e9f16f207de6c04dfff4f366752ca79f5bceb23f"},
}
